<?xml version="1.0" encoding="utf-8"?>
<Project ToolsVersion="4.0" xmlns="http://schemas.microsoft.com/developer/msbuild/2003">
  <ItemGroup>
    <Filter Include="リソース ファイル">
      <UniqueIdentifier>{67DA6AB6-F800-4c08-8B7A-83BB121AAD01}</UniqueIdentifier>
      <Extensions>rc;ico;cur;bmp;dlg;rc2;rct;bin;rgs;gif;jpg;jpeg;jpe;resx;tiff;tif;png;wav;mfcribbon-ms</Extensions>
    </Filter>
    <Filter Include="project">
      <UniqueIdentifier>{d22280b4-888e-483e-9229-f30aab97bb16}</UniqueIdentifier>
    </Filter>
    <Filter Include="project\ECS">
      <UniqueIdentifier>{5d78710e-7121-4f8a-a1ac-da687834fb88}</UniqueIdentifier>
    </Filter>
    <Filter Include="project\Game">
      <UniqueIdentifier>{3b81a0f6-ee06-4084-9d52-e5f9fb02d4c8}</UniqueIdentifier>
    </Filter>
    <Filter Include="project\ECS\GameObject">
      <UniqueIdentifier>{64b62b73-63c5-48a7-82d7-b64248fc36bf}</UniqueIdentifier>
    </Filter>
    <Filter Include="project\ECS\Component">
      <UniqueIdentifier>{1dacfaae-b012-416f-abed-875bc156fa20}</UniqueIdentifier>
    </Filter>
    <Filter Include="project\ECS\System">
      <UniqueIdentifier>{f04ae9ca-351f-4746-bc06-7b242db3c6e5}</UniqueIdentifier>
    </Filter>
    <Filter Include="project\CORE">
      <UniqueIdentifier>{ecdf637d-d7e0-4821-9de1-610244a8da50}</UniqueIdentifier>
    </Filter>
    <Filter Include="project\CORE\Camera">
      <UniqueIdentifier>{01a7ba18-c6e4-4cba-9c19-f13fc9a406b9}</UniqueIdentifier>
    </Filter>
    <Filter Include="project\CORE\Time">
      <UniqueIdentifier>{c29e2401-fbf5-4231-a731-e5bfe03a91f8}</UniqueIdentifier>
    </Filter>
    <Filter Include="project\CORE\Input">
      <UniqueIdentifier>{1f6b35e2-2f86-4c1c-a049-e3c10100ad3d}</UniqueIdentifier>
    </Filter>
    <Filter Include="project\ECS\Base">
      <UniqueIdentifier>{b3a9c622-f94f-4195-8c58-d6b9f21a0945}</UniqueIdentifier>
    </Filter>
    <Filter Include="project\CORE\GameManager">
      <UniqueIdentifier>{b631e35b-15dd-467d-8a4d-8d6f6287498f}</UniqueIdentifier>
    </Filter>
    <Filter Include="project\ECS\Base\base_monobehaviour">
      <UniqueIdentifier>{ba411bf8-d0f3-4ea8-b770-fb30c31490ea}</UniqueIdentifier>
    </Filter>
    <Filter Include="project\ECS\Base\base_component">
      <UniqueIdentifier>{f63e5171-1c5a-429a-aa43-2628d7978699}</UniqueIdentifier>
    </Filter>
    <Filter Include="project\CORE\Scene">
      <UniqueIdentifier>{2330fa48-c2cb-4ac4-9f00-c54454964cf4}</UniqueIdentifier>
    </Filter>
    <Filter Include="project\CORE\Data">
      <UniqueIdentifier>{182cc1ab-ab49-4fd5-ba01-0d5cef0ed7b8}</UniqueIdentifier>
    </Filter>
    <Filter Include="project\ECS\Component\collider">
      <UniqueIdentifier>{aa4b1fdd-0558-4e5b-a934-31b68a5d7050}</UniqueIdentifier>
    </Filter>
    <Filter Include="project\ECS\Component\rigidbody">
      <UniqueIdentifier>{9c5c9f53-1ccb-43b9-9119-79d371ce9990}</UniqueIdentifier>
    </Filter>
    <Filter Include="project\CORE\Data\configData">
      <UniqueIdentifier>{20355f35-f4de-4a9f-b084-40d44b5ea786}</UniqueIdentifier>
    </Filter>
    <Filter Include="project\CORE\Data\windowData">
      <UniqueIdentifier>{abb4340b-5a16-4a48-b8d8-d1483a206a8e}</UniqueIdentifier>
    </Filter>
    <Filter Include="project\CORE\Resource">
      <UniqueIdentifier>{04071542-cc08-4e3e-861e-fc4c3064315f}</UniqueIdentifier>
    </Filter>
    <Filter Include="project\ECS\Transform">
      <UniqueIdentifier>{7b8d1754-e158-4b57-996e-b56b81f603d2}</UniqueIdentifier>
    </Filter>
    <Filter Include="project\ECS\Tag">
      <UniqueIdentifier>{5d07660b-b926-41d5-b307-76a8627a83b8}</UniqueIdentifier>
    </Filter>
    <Filter Include="project\CORE\Scene\base_scene">
      <UniqueIdentifier>{df733946-b869-490f-8e37-198fc3e94ed2}</UniqueIdentifier>
    </Filter>
    <Filter Include="project\CORE\Scene\manager_scene">
      <UniqueIdentifier>{f337e7c4-7f64-4a71-b4f4-9d52324e62c4}</UniqueIdentifier>
    </Filter>
    <Filter Include="project\ECS\System\collider">
      <UniqueIdentifier>{65d45ad0-7991-44cd-bc2c-bb192ca77a32}</UniqueIdentifier>
    </Filter>
    <Filter Include="project\ECS\System\rigidbody">
      <UniqueIdentifier>{08a7c5a4-4462-403d-a001-de420857edaf}</UniqueIdentifier>
    </Filter>
    <Filter Include="project\ECS\Base\base_drawable">
      <UniqueIdentifier>{68feebc3-85b6-4fde-a936-d1cc078ed765}</UniqueIdentifier>
    </Filter>
    <Filter Include="project\ECS\System\drawable">
      <UniqueIdentifier>{10d68268-3318-4bde-ab68-eafe6e6a8430}</UniqueIdentifier>
    </Filter>
    <Filter Include="project\ECS\Canvas">
      <UniqueIdentifier>{511a177b-bcf6-455c-98d7-4be78ca2c3f7}</UniqueIdentifier>
    </Filter>
    <Filter Include="project\ECS\Canvas\Image">
      <UniqueIdentifier>{81dfa915-8090-41f6-a1f3-8d5d0e21c633}</UniqueIdentifier>
    </Filter>
    <Filter Include="project\ECS\Canvas\Rect">
      <UniqueIdentifier>{7be9a3bc-862f-4757-ab5f-32d3e40879af}</UniqueIdentifier>
    </Filter>
    <Filter Include="project\ECS\Canvas\Circle">
      <UniqueIdentifier>{4f39235d-8dc3-49b9-9817-1175d9496ce5}</UniqueIdentifier>
    </Filter>
    <Filter Include="project\CORE\Resource\texture">
      <UniqueIdentifier>{d84143c7-26fa-4dd5-bab9-a9288114bbc8}</UniqueIdentifier>
    </Filter>
    <Filter Include="project\CORE\Resource\sound">
      <UniqueIdentifier>{26977716-78ca-4ace-8132-eab77f0457e6}</UniqueIdentifier>
    </Filter>
    <Filter Include="project\CORE\Utility">
      <UniqueIdentifier>{ac564792-ebd0-4826-9703-d5d45b72d7af}</UniqueIdentifier>
    </Filter>
    <Filter Include="project\CORE\Utility\color">
      <UniqueIdentifier>{d8b00757-7508-40fa-a3ad-bfb96eb54e63}</UniqueIdentifier>
    </Filter>
    <Filter Include="project\CORE\Utility\fileUtility">
      <UniqueIdentifier>{2de5b9ad-1138-404e-bbae-9e846e3c507f}</UniqueIdentifier>
    </Filter>
    <Filter Include="project\CORE\Utility\singleton">
      <UniqueIdentifier>{ba2783ad-a935-4709-981c-b40310ac20e7}</UniqueIdentifier>
    </Filter>
    <Filter Include="project\CORE\Utility\flag">
      <UniqueIdentifier>{14c3200a-00e8-434e-8b01-268a2d80c132}</UniqueIdentifier>
    </Filter>
    <Filter Include="project\CORE\Utility\vector2d">
      <UniqueIdentifier>{3f49dd72-6890-4f02-8bd4-adea545d5d37}</UniqueIdentifier>
    </Filter>
    <Filter Include="project\CORE\Utility\Hit">
      <UniqueIdentifier>{03be8d2b-441f-4078-ac7a-9fc529d4a8d3}</UniqueIdentifier>
    </Filter>
    <Filter Include="project\CORE\Utility\csv">
      <UniqueIdentifier>{2766771f-215f-488d-bc27-f629d70d2898}</UniqueIdentifier>
    </Filter>
    <Filter Include="project\ECS\Base\base_sceneScript">
      <UniqueIdentifier>{c0344182-80a3-42a9-8dff-ba7c21550e32}</UniqueIdentifier>
    </Filter>
    <Filter Include="project\ECS\Canvas\string">
      <UniqueIdentifier>{987ccc58-d306-4b06-b5f1-488f6158d0a4}</UniqueIdentifier>
    </Filter>
    <Filter Include="project\CORE\Utility\debug_def">
      <UniqueIdentifier>{e87efb47-c971-425b-ae1c-7704f0c21ac9}</UniqueIdentifier>
    </Filter>
    <Filter Include="project\Game\scene">
      <UniqueIdentifier>{d607bfae-2f4a-45e2-8c2d-d9a8b3cc8667}</UniqueIdentifier>
    </Filter>
    <Filter Include="project\Game\scene\InGame">
      <UniqueIdentifier>{ebb853d3-fec2-4cda-89bd-2d3aec3167f8}</UniqueIdentifier>
    </Filter>
    <Filter Include="project\Game\scene\Title">
      <UniqueIdentifier>{4444b7a2-6327-47eb-a657-83c9f143dfca}</UniqueIdentifier>
    </Filter>
    <Filter Include="project\Game\scene\Title\scene">
      <UniqueIdentifier>{6dcc1a3c-f528-40f7-b116-86e7ecaf0db2}</UniqueIdentifier>
    </Filter>
    <Filter Include="project\Game\scene\Title\factory">
      <UniqueIdentifier>{14570c4a-5eaa-44e9-be99-50bf7a415f34}</UniqueIdentifier>
    </Filter>
    <Filter Include="project\Game\entity">
      <UniqueIdentifier>{be819856-2064-4b7f-b5be-20d910a0fc49}</UniqueIdentifier>
    </Filter>
    <Filter Include="project\Game\entity\Player">
      <UniqueIdentifier>{87631444-135a-4fb9-8dfe-d788fcdadce8}</UniqueIdentifier>
    </Filter>
    <Filter Include="project\Game\entity\Player\factoty">
      <UniqueIdentifier>{56cc0f40-5d28-438f-88be-c64f1789dbf0}</UniqueIdentifier>
    </Filter>
    <Filter Include="project\Game\entity\Player\compnent">
      <UniqueIdentifier>{59e1ed97-cfd4-4cec-9545-15104ff78dc9}</UniqueIdentifier>
    </Filter>
    <Filter Include="project\Game\entity\Player\loader">
      <UniqueIdentifier>{b025fe8f-9962-4ff8-b032-033abbeeee42}</UniqueIdentifier>
    </Filter>
    <Filter Include="project\Game\DataTable">
      <UniqueIdentifier>{fa034760-4aa2-47c8-88d8-7c563cc70774}</UniqueIdentifier>
    </Filter>
    <Filter Include="project\Game\DataTable\Data">
      <UniqueIdentifier>{6bbdef50-1fa5-4e7d-a1e7-30aec453ee84}</UniqueIdentifier>
    </Filter>
    <Filter Include="project\Game\DataTable\base">
      <UniqueIdentifier>{395c1b16-2c7d-40d4-ad21-3b99f26d4a67}</UniqueIdentifier>
    </Filter>
    <Filter Include="project\Game\DataTable\DB">
      <UniqueIdentifier>{a4bd1435-6973-40cd-8fd8-c938ae7c69d8}</UniqueIdentifier>
    </Filter>
  </ItemGroup>
  <ItemGroup>
    <ClCompile Include="program\WinMain.cpp">
      <Filter>project</Filter>
    </ClCompile>
    <ClCompile Include="program\GameManager.cpp">
      <Filter>project\CORE\GameManager</Filter>
    </ClCompile>
    <ClCompile Include="program\transform.cpp">
      <Filter>project\ECS\Transform</Filter>
    </ClCompile>
    <ClCompile Include="program\InputManager.cpp">
      <Filter>project\CORE\Input</Filter>
    </ClCompile>
    <ClCompile Include="program\SceneManager.cpp">
      <Filter>project\CORE\Scene\manager_scene</Filter>
    </ClCompile>
    <ClCompile Include="program\system_Collision.cpp">
      <Filter>project\ECS\System\collider</Filter>
    </ClCompile>
    <ClCompile Include="program\comp_Rigidbody.cpp">
      <Filter>project\ECS\Component\rigidbody</Filter>
    </ClCompile>
    <ClCompile Include="program\Drawable.cpp">
      <Filter>project\ECS\Base\base_drawable</Filter>
    </ClCompile>
    <ClCompile Include="program\Image.cpp">
      <Filter>project\ECS\Canvas\Image</Filter>
    </ClCompile>
    <ClCompile Include="program\loader_Texture.cpp">
      <Filter>project\CORE\Resource\texture</Filter>
    </ClCompile>
    <ClCompile Include="program\loader_Sound.cpp">
      <Filter>project\CORE\Resource\sound</Filter>
    </ClCompile>
    <ClCompile Include="program\LoadCsv.cpp">
      <Filter>project\CORE\Utility\csv</Filter>
    </ClCompile>
    <ClCompile Include="program\Title.cpp">
      <Filter>project\Game\scene\Title\scene</Filter>
    </ClCompile>
    <ClCompile Include="program\InGame.cpp">
      <Filter>project\Game\scene\InGame</Filter>
    </ClCompile>
    <ClCompile Include="program\text.cpp">
      <Filter>project\ECS\Canvas\string</Filter>
    </ClCompile>
    <ClCompile Include="program\PlayerFactory.cpp">
      <Filter>project\Game\entity\Player\factoty</Filter>
    </ClCompile>
    <ClCompile Include="program\db_Game.cpp" />
  </ItemGroup>
  <ItemGroup>
    <ClInclude Include="program\GameManager.h">
      <Filter>project\CORE\GameManager</Filter>
    </ClInclude>
    <ClInclude Include="program\singleton.h">
      <Filter>project\CORE\Utility\singleton</Filter>
    </ClInclude>
    <ClInclude Include="program\Resource.h">
      <Filter>project\CORE\Resource</Filter>
    </ClInclude>
    <ClInclude Include="program\data_Window.h">
      <Filter>project\CORE\Data\windowData</Filter>
    </ClInclude>
    <ClInclude Include="program\Time.h">
      <Filter>project\CORE\Time</Filter>
    </ClInclude>
    <ClInclude Include="program\transform.h">
      <Filter>project\ECS\Transform</Filter>
    </ClInclude>
    <ClInclude Include="program\Component.h">
      <Filter>project\ECS\Base\base_component</Filter>
    </ClInclude>
    <ClInclude Include="program\GameObject.h">
      <Filter>project\ECS\GameObject</Filter>
    </ClInclude>
    <ClInclude Include="program\flag.h">
      <Filter>project\CORE\Utility\flag</Filter>
    </ClInclude>
    <ClInclude Include="program\GameObjectTag.h">
      <Filter>project\ECS\Tag</Filter>
    </ClInclude>
    <ClInclude Include="program\MonoBehaviour.h">
      <Filter>project\ECS\Base\base_monobehaviour</Filter>
    </ClInclude>
    <ClInclude Include="program\vector2d.h">
      <Filter>project\CORE\Utility\vector2d</Filter>
    </ClInclude>
    <ClInclude Include="program\Scene.h">
      <Filter>project\CORE\Scene\base_scene</Filter>
    </ClInclude>
    <ClInclude Include="program\InputManager.h">
      <Filter>project\CORE\Input</Filter>
    </ClInclude>
    <ClInclude Include="program\ActionMap.h">
      <Filter>project\CORE\Input</Filter>
    </ClInclude>
    <ClInclude Include="program\comp_Collider.h">
      <Filter>project\ECS\Component\collider</Filter>
    </ClInclude>
    <ClInclude Include="program\system_Collision.h">
      <Filter>project\ECS\System\collider</Filter>
    </ClInclude>
    <ClInclude Include="program\CollisionRule.h">
      <Filter>project\ECS\System\collider</Filter>
    </ClInclude>
    <ClInclude Include="program\SceneManager.h">
      <Filter>project\CORE\Scene\manager_scene</Filter>
    </ClInclude>
    <ClInclude Include="program\OverlayScene.h">
      <Filter>project\CORE\Scene\base_scene</Filter>
    </ClInclude>
    <ClInclude Include="program\CheckHit.h">
      <Filter>project\CORE\Utility\Hit</Filter>
    </ClInclude>
    <ClInclude Include="program\GameObjectManager.h">
      <Filter>project\ECS\GameObject</Filter>
    </ClInclude>
    <ClInclude Include="program\comp_Rigidbody.h">
      <Filter>project\ECS\Component\rigidbody</Filter>
    </ClInclude>
    <ClInclude Include="program\system_rigidbody.h">
      <Filter>project\ECS\System\rigidbody</Filter>
    </ClInclude>
    <ClInclude Include="program\Collision.h">
      <Filter>project\ECS\Component\collider</Filter>
    </ClInclude>
    <ClInclude Include="program\Drawable.h">
      <Filter>project\ECS\Base\base_drawable</Filter>
    </ClInclude>
    <ClInclude Include="program\system_Renderer.h">
      <Filter>project\ECS\System\drawable</Filter>
    </ClInclude>
    <ClInclude Include="program\Image.h">
      <Filter>project\ECS\Canvas\Image</Filter>
    </ClInclude>
    <ClInclude Include="program\loader_Texture.h">
      <Filter>project\CORE\Resource\texture</Filter>
    </ClInclude>
    <ClInclude Include="program\loader_Sound.h">
      <Filter>project\CORE\Resource\sound</Filter>
    </ClInclude>
    <ClInclude Include="program\Title.h">
      <Filter>project\Game\scene\Title\scene</Filter>
    </ClInclude>
    <ClInclude Include="program\factory_title.h">
      <Filter>project\Game\scene\Title\factory</Filter>
    </ClInclude>
    <ClInclude Include="program\LoadCsv.h">
      <Filter>project\CORE\Utility\csv</Filter>
    </ClInclude>
    <ClInclude Include="program\SceneSclipt.h">
      <Filter>project\ECS\Base\base_sceneScript</Filter>
    </ClInclude>
    <ClInclude Include="program\InGame.h">
      <Filter>project\Game\scene\InGame</Filter>
    </ClInclude>
    <ClInclude Include="program\text.h">
      <Filter>project\ECS\Canvas\string</Filter>
    </ClInclude>
    <ClInclude Include="program\debugDef.h">
      <Filter>project\CORE\Utility\debug_def</Filter>
    </ClInclude>
    <ClInclude Include="program\PlayerFactory.h">
      <Filter>project\Game\entity\Player\factoty</Filter>
    </ClInclude>
    <ClInclude Include="program\loader_player.h">
      <Filter>project\Game\entity\Player\loader</Filter>
    </ClInclude>
    <ClInclude Include="program\GameData.h">
      <Filter>project\Game\DataTable\Data</Filter>
    </ClInclude>
    <ClInclude Include="program\DataTable.h">
      <Filter>project\Game\DataTable\base</Filter>
    </ClInclude>
    <ClInclude Include="program\db_Game.h">
      <Filter>project\Game\DataTable\DB</Filter>
    </ClInclude>
  </ItemGroup>
</Project>